
Microsoft Visual Studio Solution File, Format Version 12.00
Project("{FAE04EC0-301F-11D3-BF4B-00C04F79EFBC}") = "SympactDB", "SympactDB.csproj", "{0719E818-1B95-401C-BFC2-4D015D47F3D2}"
EndProject
Project("{FAE04EC0-301F-11D3-BF4B-00C04F79EFBC}") = "UnitTesting", "UnitTesting\UnitTesting.csproj", "{8F6E448E-708B-460E-BB7E-1BE3F1AD7CF1}"
EndProject
Global
	GlobalSection(SolutionConfigurationPlatforms) = preSolution
		Debug|Any CPU = Debug|Any CPU
		Release|Any CPU = Release|Any CPU
	EndGlobalSection
	GlobalSection(ProjectConfigurationPlatforms) = postSolution
		{0719E818-1B95-401C-BFC2-4D015D47F3D2}.Debug|Any CPU.ActiveCfg = Debug|Any CPU
		{0719E818-1B95-401C-BFC2-4D015D47F3D2}.Debug|Any CPU.Build.0 = Debug|Any CPU
		{0719E818-1B95-401C-BFC2-4D015D47F3D2}.Release|Any CPU.ActiveCfg = Release|Any CPU
		{0719E818-1B95-401C-BFC2-4D015D47F3D2}.Release|Any CPU.Build.0 = Release|Any CPU
		{8F6E448E-708B-460E-BB7E-1BE3F1AD7CF1}.Debug|Any CPU.ActiveCfg = Debug|Any CPU
		{8F6E448E-708B-460E-BB7E-1BE3F1AD7CF1}.Debug|Any CPU.Build.0 = Debug|Any CPU
		{8F6E448E-708B-460E-BB7E-1BE3F1AD7CF1}.Release|Any CPU.ActiveCfg = Release|Any CPU
		{8F6E448E-708B-460E-BB7E-1BE3F1AD7CF1}.Release|Any CPU.Build.0 = Release|Any CPU
	EndGlobalSection
EndGlobal
